<?xml version="1.0" encoding="UTF-8" standalone="yes" ?>
<CodeBlocks_project_file>
	<FileVersion major="1" minor="6" />
	<Project>
		<Option title="ParqueDeDiversoesTP2" />
		<Option pch_mode="2" />
		<Option compiler="gcc" />
		<Build>
			<Target title="Debug">
				<Option output="bin/Debug/ParqueDeDiversoesTP2" prefix_auto="1" extension_auto="1" />
				<Option working_dir="../ParqueDeDiversoesTP2" />
				<Option object_output="obj/Debug/" />
				<Option type="1" />
				<Option compiler="gcc" />
				<Compiler>
					<Add option="-g" />
				</Compiler>
				<Linker>
					<Add option="-lmingw32 -lSDLmain -lSDL -lSDL_mixer" />
					<Add library="freeglut" />
					<Add library="SOIL" />
					<Add library="glew32" />
					<Add library="m" />
					<Add library="glu32" />
					<Add library="opengl32" />
				</Linker>
			</Target>
			<Target title="Release">
				<Option output="bin/Release/ParqueDeDiversoesTP2" prefix_auto="1" extension_auto="1" />
				<Option working_dir="C:/Program Files (x86)/CodeBlocks/MinGW/bin" />
				<Option object_output="obj/Release/" />
				<Option type="0" />
				<Option compiler="gcc" />
				<Compiler>
					<Add option="-O2" />
				</Compiler>
				<Linker>
					<Add option="-s" />
				</Linker>
			</Target>
		</Build>
		<Compiler>
			<Add option="-Wall" />
			<Add directory="C:/Program Files (x86)/CodeBlocks/MinGW/include" />
		</Compiler>
		<Linker>
			<Add library="freeglut" />
			<Add library="opengl32" />
			<Add library="glu32" />
			<Add library="winmm" />
			<Add library="gdi32" />
			<Add directory="C:/Program Files (x86)/CodeBlocks/MinGW/lib" />
		</Linker>
		<Unit filename="bib.cpp" />
		<Unit filename="bib.h" />
		<Unit filename="glm.cpp" />
		<Unit filename="glm.h" />
		<Unit filename="glm_util.cpp" />
		<Unit filename="glmimg.cpp" />
		<Unit filename="glmint.h" />
		<Unit filename="globalVariaveis.h" />
		<Unit filename="main.cpp" />
		<Unit filename="vetor.cpp" />
		<Unit filename="vetor.h" />
		<Extensions>
			<code_completion />
			<envvars />
			<debugger />
			<lib_finder disable_auto="1" />
		</Extensions>
	</Project>
</CodeBlocks_project_file>
